
Microsoft Visual Studio Solution File, Format Version 12.00
# Visual Studio 15
VisualStudioVersion = 15.0.27130.2036
MinimumVisualStudioVersion = 10.0.40219.1
Project("{FAE04EC0-301F-11D3-BF4B-00C04F79EFBC}") = "RRAlmacen", "RRAlmacen\RRAlmacen.csproj", "{C956404E-CA85-4223-8B75-F7445614D155}"
EndProject
Project("{FAE04EC0-301F-11D3-BF4B-00C04F79EFBC}") = "Conexion", "Conexion\Conexion.csproj", "{783845E7-295F-4E71-A28E-C98105F52079}"
EndProject
Project("{FAE04EC0-301F-11D3-BF4B-00C04F79EFBC}") = "CapaNegocios", "CapaNegocios\CapaNegocios.csproj", "{8064E991-8AEC-4451-AA98-BC9AB3A8B52E}"
EndProject
Project("{FAE04EC0-301F-11D3-BF4B-00C04F79EFBC}") = "CapaDeDatos", "CapaDeDatos\CapaDeDatos.csproj", "{243F21E0-0847-4F77-8950-33E1B50B7115}"
EndProject
Global
	GlobalSection(SolutionConfigurationPlatforms) = preSolution
		Debug|Any CPU = Debug|Any CPU
		Release|Any CPU = Release|Any CPU
	EndGlobalSection
	GlobalSection(ProjectConfigurationPlatforms) = postSolution
		{C956404E-CA85-4223-8B75-F7445614D155}.Debug|Any CPU.ActiveCfg = Debug|Any CPU
		{C956404E-CA85-4223-8B75-F7445614D155}.Debug|Any CPU.Build.0 = Debug|Any CPU
		{C956404E-CA85-4223-8B75-F7445614D155}.Release|Any CPU.ActiveCfg = Release|Any CPU
		{C956404E-CA85-4223-8B75-F7445614D155}.Release|Any CPU.Build.0 = Release|Any CPU
		{783845E7-295F-4E71-A28E-C98105F52079}.Debug|Any CPU.ActiveCfg = Debug|Any CPU
		{783845E7-295F-4E71-A28E-C98105F52079}.Debug|Any CPU.Build.0 = Debug|Any CPU
		{783845E7-295F-4E71-A28E-C98105F52079}.Release|Any CPU.ActiveCfg = Release|Any CPU
		{783845E7-295F-4E71-A28E-C98105F52079}.Release|Any CPU.Build.0 = Release|Any CPU
		{8064E991-8AEC-4451-AA98-BC9AB3A8B52E}.Debug|Any CPU.ActiveCfg = Debug|Any CPU
		{8064E991-8AEC-4451-AA98-BC9AB3A8B52E}.Debug|Any CPU.Build.0 = Debug|Any CPU
		{8064E991-8AEC-4451-AA98-BC9AB3A8B52E}.Release|Any CPU.ActiveCfg = Release|Any CPU
		{8064E991-8AEC-4451-AA98-BC9AB3A8B52E}.Release|Any CPU.Build.0 = Release|Any CPU
		{243F21E0-0847-4F77-8950-33E1B50B7115}.Debug|Any CPU.ActiveCfg = Debug|Any CPU
		{243F21E0-0847-4F77-8950-33E1B50B7115}.Debug|Any CPU.Build.0 = Debug|Any CPU
		{243F21E0-0847-4F77-8950-33E1B50B7115}.Release|Any CPU.ActiveCfg = Release|Any CPU
		{243F21E0-0847-4F77-8950-33E1B50B7115}.Release|Any CPU.Build.0 = Release|Any CPU
	EndGlobalSection
	GlobalSection(SolutionProperties) = preSolution
		HideSolutionNode = FALSE
	EndGlobalSection
	GlobalSection(ExtensibilityGlobals) = postSolution
		SolutionGuid = {5BFF7650-BF4D-4FA5-A275-7BD8A768BC98}
	EndGlobalSection
EndGlobal
